
Microsoft Visual Studio Solution File, Format Version 11.00
# Visual Studio 2010
Project("{002A2DE9-8BB6-484D-9802-7E4AD4084715}") = "DrawSomethingCheats", "DrawSomethingCheats\DrawSomethingCheats.visualdproj", "{311CDB03-DDBE-4A32-A484-21E6C124572E}"
EndProject
Global
	GlobalSection(SolutionConfigurationPlatforms) = preSolution
		Debug|Win32 = Debug|Win32
		Release|Win32 = Release|Win32
	EndGlobalSection
	GlobalSection(ProjectConfigurationPlatforms) = postSolution
		{311CDB03-DDBE-4A32-A484-21E6C124572E}.Debug|Win32.ActiveCfg = Debug|Win32
		{311CDB03-DDBE-4A32-A484-21E6C124572E}.Debug|Win32.Build.0 = Debug|Win32
		{311CDB03-DDBE-4A32-A484-21E6C124572E}.Release|Win32.ActiveCfg = Release|Win32
		{311CDB03-DDBE-4A32-A484-21E6C124572E}.Release|Win32.Build.0 = Release|Win32
	EndGlobalSection
	GlobalSection(SolutionProperties) = preSolution
		HideSolutionNode = FALSE
	EndGlobalSection
EndGlobal
